{
  "lockfile_version": "1",
  "packages": {
    "grpcurl@latest": {
      "last_modified": "2026-01-23T17:20:52Z",
      "resolved": "github:NixOS/nixpkgs/a1bab9e494f5f4939442a57a58d0449a109593fe#grpcurl",
      "source": "devbox-search",
      "version": "1.9.3",
      "systems": {
        "aarch64-darwin": {
          "outputs": [
            {
              "name": "out",
              "path": "/nix/store/f943z0pxrm3bsmh2f1z4kb4d3ixhn58g-grpcurl-1.9.3",
              "default": true
            }
          ],
          "store_path": "/nix/store/f943z0pxrm3bsmh2f1z4kb4d3ixhn58g-grpcurl-1.9.3"
        },
        "aarch64-linux": {
          "outputs": [
            {
              "name": "out",
              "path": "/nix/store/3fj04kjbm8rav7nxkjz4jsw1gn8rsw7l-grpcurl-1.9.3",
              "default": true
            }
          ],
          "store_path": "/nix/store/3fj04kjbm8rav7nxkjz4jsw1gn8rsw7l-grpcurl-1.9.3"
        },
        "x86_64-darwin": {
          "outputs": [
            {
              "name": "out",
              "path": "/nix/store/qhq1phmiz4ccp90ivizmlmh3in0i6gi2-grpcurl-1.9.3",
              "default": true
            }
          ],
          "store_path": "/nix/store/qhq1phmiz4ccp90ivizmlmh3in0i6gi2-grpcurl-1.9.3"
        },
        "x86_64-linux": {
          "outputs": [
            {
              "name": "out",
              "path": "/nix/store/wdvs5zkwfp8m8ll7adrp69ppv6fp5j76-grpcurl-1.9.3",
              "default": true
            }
          ],
          "store_path": "/nix/store/wdvs5zkwfp8m8ll7adrp69ppv6fp5j76-grpcurl-1.9.3"
        }
      }
    },
    "helmfile@latest": {
      "last_modified": "2026-01-23T17:20:52Z",
      "resolved": "github:NixOS/nixpkgs/a1bab9e494f5f4939442a57a58d0449a109593fe#helmfile",
      "source": "devbox-search",
      "version": "1.1.9",
      "systems": {
        "aarch64-darwin": {
          "outputs": [
            {
              "name": "out",
              "path": "/nix/store/hlnbzqjb3dfp7appzszbq24qfvhppiqg-helmfile-1.1.9",
              "default": true
            }
          ],
          "store_path": "/nix/store/hlnbzqjb3dfp7appzszbq24qfvhppiqg-helmfile-1.1.9"
        },
        "aarch64-linux": {
          "outputs": [
            {
              "name": "out",
              "path": "/nix/store/qgadk4vnbvn4bjz7zs6iavz0rcr5673k-helmfile-1.1.9",
              "default": true
            }
          ],
          "store_path": "/nix/store/qgadk4vnbvn4bjz7zs6iavz0rcr5673k-helmfile-1.1.9"
        },
        "x86_64-darwin": {
          "outputs": [
            {
              "name": "out",
              "path": "/nix/store/n9qr07mdzcdld0b3ny16kikrpsjjywvi-helmfile-1.1.9",
              "default": true
            }
          ],
          "store_path": "/nix/store/n9qr07mdzcdld0b3ny16kikrpsjjywvi-helmfile-1.1.9"
        },
        "x86_64-linux": {
          "outputs": [
            {
              "name": "out",
              "path": "/nix/store/cgq0s8s8j3jpymycms15xbmfdfzsc2hs-helmfile-1.1.9",
              "default": true
            }
          ],
          "store_path": "/nix/store/cgq0s8s8j3jpymycms15xbmfdfzsc2hs-helmfile-1.1.9"
        }
      }
    },
    "kind@latest": {
      "last_modified": "2026-01-23T17:20:52Z",
      "resolved": "github:NixOS/nixpkgs/a1bab9e494f5f4939442a57a58d0449a109593fe#kind",
      "source": "devbox-search",
      "version": "0.31.0",
      "systems": {
        "aarch64-darwin": {
          "outputs": [
            {
              "name": "out",
              "path": "/nix/store/jhrinvskzfygyf1zpqdldrr4s684pqpq-kind-0.31.0",
              "default": true
            }
          ],
          "store_path": "/nix/store/jhrinvskzfygyf1zpqdldrr4s684pqpq-kind-0.31.0"
        },
        "aarch64-linux": {
          "outputs": [
            {
              "name": "out",
              "path": "/nix/store/z4c4swmiyk3nrcp7glz773mlkhzay46s-kind-0.31.0",
              "default": true
            }
          ],
          "store_path": "/nix/store/z4c4swmiyk3nrcp7glz773mlkhzay46s-kind-0.31.0"
        },
        "x86_64-darwin": {
          "outputs": [
            {
              "name": "out",
              "path": "/nix/store/837blpxb5qvcslbm5s770cx8wzhm4wgv-kind-0.31.0",
              "default": true
            }
          ],
          "store_path": "/nix/store/837blpxb5qvcslbm5s770cx8wzhm4wgv-kind-0.31.0"
        },
        "x86_64-linux": {
          "outputs": [
            {
              "name": "out",
              "path": "/nix/store/y8w7xm64r76pvdycqjmi7389cv6ilh3g-kind-0.31.0",
              "default": true
            }
          ],
          "store_path": "/nix/store/y8w7xm64r76pvdycqjmi7389cv6ilh3g-kind-0.31.0"
        }
      }
    },
    "kubectl@latest": {
      "last_modified": "2026-01-23T17:20:52Z",
      "resolved": "github:NixOS/nixpkgs/a1bab9e494f5f4939442a57a58d0449a109593fe#kubectl",
      "source": "devbox-search",
      "version": "1.35.0",
      "systems": {
        "aarch64-darwin": {
          "outputs": [
            {
              "name": "out",
              "path": "/nix/store/zh9jp24f14avckd99vs54g82ws1i2qpk-kubectl-1.35.0",
              "default": true
            },
            {
              "name": "man",
              "path": "/nix/store/lzn4s3mnjmyhbfckaizm6vg5rnpshyl2-kubectl-1.35.0-man",
              "default": true
            },
            {
              "name": "convert",
              "path": "/nix/store/rb8ivxqdljfpqfrf7br9pwvgk3m7aj4k-kubectl-1.35.0-convert"
            }
          ],
          "store_path": "/nix/store/zh9jp24f14avckd99vs54g82ws1i2qpk-kubectl-1.35.0"
        },
        "aarch64-linux": {
          "outputs": [
            {
              "name": "out",
              "path": "/nix/store/h2wbgv9grql0bhrpqdab77mw1pd1zr7x-kubectl-1.35.0",
              "default": true
            },
            {
              "name": "man",
              "path": "/nix/store/b9av4ayjma48ch5wy7k85grkiigls84a-kubectl-1.35.0-man",
              "default": true
            },
            {
              "name": "convert",
              "path": "/nix/store/lbrbsz8zmyzkabn3rr5nxwn4ji0q5wl9-kubectl-1.35.0-convert"
            }
          ],
          "store_path": "/nix/store/h2wbgv9grql0bhrpqdab77mw1pd1zr7x-kubectl-1.35.0"
        },
        "x86_64-darwin": {
          "outputs": [
            {
              "name": "out",
              "path": "/nix/store/ifqhf8f32873w5ad22z5cy56y9nlfhg6-kubectl-1.35.0",
              "default": true
            },
            {
              "name": "man",
              "path": "/nix/store/q3lyh5bdcsvh827fjnnwsnjd16nf52yv-kubectl-1.35.0-man",
              "default": true
            },
            {
              "name": "convert",
              "path": "/nix/store/ycw7xcc21v9ivxqbzhgwhiyn6p0nh6am-kubectl-1.35.0-convert"
            }
          ],
          "store_path": "/nix/store/ifqhf8f32873w5ad22z5cy56y9nlfhg6-kubectl-1.35.0"
        },
        "x86_64-linux": {
          "outputs": [
            {
              "name": "out",
              "path": "/nix/store/h9v5iqki1r1h3ngfzn2y2w935rrps3vg-kubectl-1.35.0",
              "default": true
            },
            {
              "name": "man",
              "path": "/nix/store/9dna59210pqjpb2sphv2ibasn8g9k65q-kubectl-1.35.0-man",
              "default": true
            },
            {
              "name": "convert",
              "path": "/nix/store/v3szgaqs6wb69b1vnjx8q7zf03zy0hph-kubectl-1.35.0-convert"
            }
          ],
          "store_path": "/nix/store/h9v5iqki1r1h3ngfzn2y2w935rrps3vg-kubectl-1.35.0"
        }
      }
    },
    "kubernetes-helm@latest": {
      "last_modified": "2026-01-23T17:20:52Z",
      "resolved": "github:NixOS/nixpkgs/a1bab9e494f5f4939442a57a58d0449a109593fe#kubernetes-helm",
      "source": "devbox-search",
      "version": "3.19.1",
      "systems": {
        "aarch64-darwin": {
          "outputs": [
            {
              "name": "out",
              "path": "/nix/store/gw5jvq4r17iqh751g7v71svxb3ncq7si-kubernetes-helm-3.19.1",
              "default": true
            }
          ],
          "store_path": "/nix/store/gw5jvq4r17iqh751g7v71svxb3ncq7si-kubernetes-helm-3.19.1"
        },
        "aarch64-linux": {
          "outputs": [
            {
              "name": "out",
              "path": "/nix/store/j1fh4wfj0b1dk87q0irz73k8gcqhr2ak-kubernetes-helm-3.19.1",
              "default": true
            }
          ],
          "store_path": "/nix/store/j1fh4wfj0b1dk87q0irz73k8gcqhr2ak-kubernetes-helm-3.19.1"
        },
        "x86_64-darwin": {
          "outputs": [
            {
              "name": "out",
              "path": "/nix/store/9g0nwl9nrf2rjs4kgz6yclr335jdq1r5-kubernetes-helm-3.19.1",
              "default": true
            }
          ],
          "store_path": "/nix/store/9g0nwl9nrf2rjs4kgz6yclr335jdq1r5-kubernetes-helm-3.19.1"
        },
        "x86_64-linux": {
          "outputs": [
            {
              "name": "out",
              "path": "/nix/store/n4np4p37d3k0nw0h4v9vvyrk8hj0qly0-kubernetes-helm-3.19.1",
              "default": true
            }
          ],
          "store_path": "/nix/store/n4np4p37d3k0nw0h4v9vvyrk8hj0qly0-kubernetes-helm-3.19.1"
        }
      }
    },
    "kubernetes-helmPlugins.helm-diff@latest": {
      "last_modified": "2026-01-23T17:20:52Z",
      "resolved": "github:NixOS/nixpkgs/a1bab9e494f5f4939442a57a58d0449a109593fe#kubernetes-helmPlugins.helm-diff",
      "source": "devbox-search",
      "version": "3.13.1",
      "systems": {
        "aarch64-darwin": {
          "outputs": [
            {
              "name": "out",
              "path": "/nix/store/x6gihm6gygsspyfxw7zvnmhp056ddwr5-helm-diff-3.13.1",
              "default": true
            }
          ],
          "store_path": "/nix/store/x6gihm6gygsspyfxw7zvnmhp056ddwr5-helm-diff-3.13.1"
        },
        "aarch64-linux": {
          "outputs": [
            {
              "name": "out",
              "path": "/nix/store/vyh0qwid3nnvpkq387d9vpkznmnamz3c-helm-diff-3.13.1",
              "default": true
            }
          ],
          "store_path": "/nix/store/vyh0qwid3nnvpkq387d9vpkznmnamz3c-helm-diff-3.13.1"
        },
        "x86_64-darwin": {
          "outputs": [
            {
              "name": "out",
              "path": "/nix/store/6a196g2xz690vjpmv219bgaz5p54ak8i-helm-diff-3.13.1",
              "default": true
            }
          ],
          "store_path": "/nix/store/6a196g2xz690vjpmv219bgaz5p54ak8i-helm-diff-3.13.1"
        },
        "x86_64-linux": {
          "outputs": [
            {
              "name": "out",
              "path": "/nix/store/ada5gjqrpmmqzgg008krfnrm21va22hm-helm-diff-3.13.1",
              "default": true
            }
          ],
          "store_path": "/nix/store/ada5gjqrpmmqzgg008krfnrm21va22hm-helm-diff-3.13.1"
        }
      }
    }
  }
}
